Microsoft Visual Studio Solution File, Format Version 12.00
# Visual Studio Version 17
VisualStudioVersion = 17.5.2.0
MinimumVisualStudioVersion = 10.0.40219.1
Project("{FAE04EC0-301F-11D3-BF4B-00C04F79EFBC}") = "Extension.ApiService", "Extension.ApiService.csproj", "{2C339F18-422A-4BB2-1CAF-B79B011BDA4E}"
EndProject
Global
	GlobalSection(SolutionConfigurationPlatforms) = preSolution
		Debug|Any CPU = Debug|Any CPU
		Release|Any CPU = Release|Any CPU
	EndGlobalSection
	GlobalSection(ProjectConfigurationPlatforms) = postSolution
		{2C339F18-422A-4BB2-1CAF-B79B011BDA4E}.Debug|Any CPU.ActiveCfg = Debug|Any CPU
		{2C339F18-422A-4BB2-1CAF-B79B011BDA4E}.Debug|Any CPU.Build.0 = Debug|Any CPU
		{2C339F18-422A-4BB2-1CAF-B79B011BDA4E}.Release|Any CPU.ActiveCfg = Release|Any CPU
		{2C339F18-422A-4BB2-1CAF-B79B011BDA4E}.Release|Any CPU.Build.0 = Release|Any CPU
	EndGlobalSection
	GlobalSection(SolutionProperties) = preSolution
		HideSolutionNode = FALSE
	EndGlobalSection
	GlobalSection(ExtensibilityGlobals) = postSolution
		SolutionGuid = {09E71014-B061-4A3C-BEB0-49418F540B65}
	EndGlobalSection
EndGlobal
